
Microsoft Visual Studio Solution File, Format Version 10.00
# Visual C++ Express 2008
Project("{8BC9CEB8-8B4A-11D0-8D11-00A0C91BC942}") = "SMDS", "SMDS.vcproj", "{C4275BAA-FE8A-437C-A1C8-9049E80F1816}"
EndProject
Project("{8BC9CEB8-8B4A-11D0-8D11-00A0C91BC942}") = "Driver", "Driver.vcproj", "{382E1764-DDC1-4717-AFBA-B50693A1EA4D}"
EndProject
Project("{8BC9CEB8-8B4A-11D0-8D11-00A0C91BC942}") = "DriverDAT", "DriverDAT.vcproj", "{AE458F55-4D3A-4E19-BCE4-CBF34566C4C9}"
	ProjectSection(ProjectDependencies) = postProject
		{382E1764-DDC1-4717-AFBA-B50693A1EA4D} = {382E1764-DDC1-4717-AFBA-B50693A1EA4D}
		{C4275BAA-FE8A-437C-A1C8-9049E80F1816} = {C4275BAA-FE8A-437C-A1C8-9049E80F1816}
	EndProjectSection
EndProject
Project("{8BC9CEB8-8B4A-11D0-8D11-00A0C91BC942}") = "DriverSTL", "DriverSTL.vcproj", "{6CCA5BB2-F1B5-421B-A690-7F3D3EB5398A}"
	ProjectSection(ProjectDependencies) = postProject
		{382E1764-DDC1-4717-AFBA-B50693A1EA4D} = {382E1764-DDC1-4717-AFBA-B50693A1EA4D}
		{C4275BAA-FE8A-437C-A1C8-9049E80F1816} = {C4275BAA-FE8A-437C-A1C8-9049E80F1816}
	EndProjectSection
EndProject
Project("{8BC9CEB8-8B4A-11D0-8D11-00A0C91BC942}") = "DriverUNV", "DriverUNV.vcproj", "{1F1F8BC1-6D86-4703-9FCB-C6304D2319A3}"
	ProjectSection(ProjectDependencies) = postProject
		{382E1764-DDC1-4717-AFBA-B50693A1EA4D} = {382E1764-DDC1-4717-AFBA-B50693A1EA4D}
		{C4275BAA-FE8A-437C-A1C8-9049E80F1816} = {C4275BAA-FE8A-437C-A1C8-9049E80F1816}
	EndProjectSection
EndProject
Project("{8BC9CEB8-8B4A-11D0-8D11-00A0C91BC942}") = "SMESHDS", "SMESHDS.vcproj", "{9422EACF-DE1C-4E8A-B12A-F40261DF51FB}"
	ProjectSection(ProjectDependencies) = postProject
		{C4275BAA-FE8A-437C-A1C8-9049E80F1816} = {C4275BAA-FE8A-437C-A1C8-9049E80F1816}
	EndProjectSection
EndProject
Project("{8BC9CEB8-8B4A-11D0-8D11-00A0C91BC942}") = "SMESH", "SMESH.vcproj", "{C8378CAC-5F81-422B-88BE-D54A6BEF85D0}"
	ProjectSection(ProjectDependencies) = postProject
		{AE458F55-4D3A-4E19-BCE4-CBF34566C4C9} = {AE458F55-4D3A-4E19-BCE4-CBF34566C4C9}
		{382E1764-DDC1-4717-AFBA-B50693A1EA4D} = {382E1764-DDC1-4717-AFBA-B50693A1EA4D}
		{C4275BAA-FE8A-437C-A1C8-9049E80F1816} = {C4275BAA-FE8A-437C-A1C8-9049E80F1816}
		{6CCA5BB2-F1B5-421B-A690-7F3D3EB5398A} = {6CCA5BB2-F1B5-421B-A690-7F3D3EB5398A}
		{1F1F8BC1-6D86-4703-9FCB-C6304D2319A3} = {1F1F8BC1-6D86-4703-9FCB-C6304D2319A3}
		{9422EACF-DE1C-4E8A-B12A-F40261DF51FB} = {9422EACF-DE1C-4E8A-B12A-F40261DF51FB}
	EndProjectSection
EndProject
Project("{8BC9CEB8-8B4A-11D0-8D11-00A0C91BC942}") = "StdMeshers", "StdMeshers.vcproj", "{CC7D317C-A8B7-4A25-9C27-DF8DD0102B88}"
	ProjectSection(ProjectDependencies) = postProject
		{C4275BAA-FE8A-437C-A1C8-9049E80F1816} = {C4275BAA-FE8A-437C-A1C8-9049E80F1816}
		{C8378CAC-5F81-422B-88BE-D54A6BEF85D0} = {C8378CAC-5F81-422B-88BE-D54A6BEF85D0}
		{9422EACF-DE1C-4E8A-B12A-F40261DF51FB} = {9422EACF-DE1C-4E8A-B12A-F40261DF51FB}
		{3EEFB9DF-DD05-4B51-850A-B057B8F5AC6A} = {3EEFB9DF-DD05-4B51-850A-B057B8F5AC6A}
	EndProjectSection
EndProject
Project("{8BC9CEB8-8B4A-11D0-8D11-00A0C91BC942}") = "MEFISTO2", "MEFISTO2.vcproj", "{3EEFB9DF-DD05-4B51-850A-B057B8F5AC6A}"
EndProject
Project("{8BC9CEB8-8B4A-11D0-8D11-00A0C91BC942}") = "NETGENPlugin", "NETGENPlugin.vcproj", "{E2386400-DF04-4BE1-B5A1-A287171997E8}"
	ProjectSection(ProjectDependencies) = postProject
		{CC7D317C-A8B7-4A25-9C27-DF8DD0102B88} = {CC7D317C-A8B7-4A25-9C27-DF8DD0102B88}
		{C4275BAA-FE8A-437C-A1C8-9049E80F1816} = {C4275BAA-FE8A-437C-A1C8-9049E80F1816}
		{C8378CAC-5F81-422B-88BE-D54A6BEF85D0} = {C8378CAC-5F81-422B-88BE-D54A6BEF85D0}
		{9422EACF-DE1C-4E8A-B12A-F40261DF51FB} = {9422EACF-DE1C-4E8A-B12A-F40261DF51FB}
	EndProjectSection
EndProject
Global
	GlobalSection(SolutionConfigurationPlatforms) = preSolution
		Debug|Win32 = Debug|Win32
		Release|Win32 = Release|Win32
	EndGlobalSection
	GlobalSection(ProjectConfigurationPlatforms) = postSolution
		{C4275BAA-FE8A-437C-A1C8-9049E80F1816}.Debug|Win32.ActiveCfg = Debug|Win32
		{C4275BAA-FE8A-437C-A1C8-9049E80F1816}.Debug|Win32.Build.0 = Debug|Win32
		{C4275BAA-FE8A-437C-A1C8-9049E80F1816}.Release|Win32.ActiveCfg = Release|Win32
		{C4275BAA-FE8A-437C-A1C8-9049E80F1816}.Release|Win32.Build.0 = Release|Win32
		{382E1764-DDC1-4717-AFBA-B50693A1EA4D}.Debug|Win32.ActiveCfg = Debug|Win32
		{382E1764-DDC1-4717-AFBA-B50693A1EA4D}.Debug|Win32.Build.0 = Debug|Win32
		{382E1764-DDC1-4717-AFBA-B50693A1EA4D}.Release|Win32.ActiveCfg = Release|Win32
		{382E1764-DDC1-4717-AFBA-B50693A1EA4D}.Release|Win32.Build.0 = Release|Win32
		{AE458F55-4D3A-4E19-BCE4-CBF34566C4C9}.Debug|Win32.ActiveCfg = Debug|Win32
		{AE458F55-4D3A-4E19-BCE4-CBF34566C4C9}.Debug|Win32.Build.0 = Debug|Win32
		{AE458F55-4D3A-4E19-BCE4-CBF34566C4C9}.Release|Win32.ActiveCfg = Release|Win32
		{AE458F55-4D3A-4E19-BCE4-CBF34566C4C9}.Release|Win32.Build.0 = Release|Win32
		{6CCA5BB2-F1B5-421B-A690-7F3D3EB5398A}.Debug|Win32.ActiveCfg = Debug|Win32
		{6CCA5BB2-F1B5-421B-A690-7F3D3EB5398A}.Debug|Win32.Build.0 = Debug|Win32
		{6CCA5BB2-F1B5-421B-A690-7F3D3EB5398A}.Release|Win32.ActiveCfg = Release|Win32
		{6CCA5BB2-F1B5-421B-A690-7F3D3EB5398A}.Release|Win32.Build.0 = Release|Win32
		{1F1F8BC1-6D86-4703-9FCB-C6304D2319A3}.Debug|Win32.ActiveCfg = Debug|Win32
		{1F1F8BC1-6D86-4703-9FCB-C6304D2319A3}.Debug|Win32.Build.0 = Debug|Win32
		{1F1F8BC1-6D86-4703-9FCB-C6304D2319A3}.Release|Win32.ActiveCfg = Release|Win32
		{1F1F8BC1-6D86-4703-9FCB-C6304D2319A3}.Release|Win32.Build.0 = Release|Win32
		{9422EACF-DE1C-4E8A-B12A-F40261DF51FB}.Debug|Win32.ActiveCfg = Debug|Win32
		{9422EACF-DE1C-4E8A-B12A-F40261DF51FB}.Debug|Win32.Build.0 = Debug|Win32
		{9422EACF-DE1C-4E8A-B12A-F40261DF51FB}.Release|Win32.ActiveCfg = Release|Win32
		{9422EACF-DE1C-4E8A-B12A-F40261DF51FB}.Release|Win32.Build.0 = Release|Win32
		{C8378CAC-5F81-422B-88BE-D54A6BEF85D0}.Debug|Win32.ActiveCfg = Debug|Win32
		{C8378CAC-5F81-422B-88BE-D54A6BEF85D0}.Debug|Win32.Build.0 = Debug|Win32
		{C8378CAC-5F81-422B-88BE-D54A6BEF85D0}.Release|Win32.ActiveCfg = Release|Win32
		{C8378CAC-5F81-422B-88BE-D54A6BEF85D0}.Release|Win32.Build.0 = Release|Win32
		{CC7D317C-A8B7-4A25-9C27-DF8DD0102B88}.Debug|Win32.ActiveCfg = Debug|Win32
		{CC7D317C-A8B7-4A25-9C27-DF8DD0102B88}.Debug|Win32.Build.0 = Debug|Win32
		{CC7D317C-A8B7-4A25-9C27-DF8DD0102B88}.Release|Win32.ActiveCfg = Release|Win32
		{CC7D317C-A8B7-4A25-9C27-DF8DD0102B88}.Release|Win32.Build.0 = Release|Win32
		{3EEFB9DF-DD05-4B51-850A-B057B8F5AC6A}.Debug|Win32.ActiveCfg = Debug|Win32
		{3EEFB9DF-DD05-4B51-850A-B057B8F5AC6A}.Debug|Win32.Build.0 = Debug|Win32
		{3EEFB9DF-DD05-4B51-850A-B057B8F5AC6A}.Release|Win32.ActiveCfg = Release|Win32
		{3EEFB9DF-DD05-4B51-850A-B057B8F5AC6A}.Release|Win32.Build.0 = Release|Win32
		{E2386400-DF04-4BE1-B5A1-A287171997E8}.Debug|Win32.ActiveCfg = Debug|Win32
		{E2386400-DF04-4BE1-B5A1-A287171997E8}.Debug|Win32.Build.0 = Debug|Win32
		{E2386400-DF04-4BE1-B5A1-A287171997E8}.Release|Win32.ActiveCfg = Release|Win32
		{E2386400-DF04-4BE1-B5A1-A287171997E8}.Release|Win32.Build.0 = Release|Win32
	EndGlobalSection
	GlobalSection(SolutionProperties) = preSolution
		HideSolutionNode = FALSE
	EndGlobalSection
EndGlobal
